
Microsoft Visual Studio Solution File, Format Version 12.00
# Visual Studio Version 16
VisualStudioVersion = 16.0.32602.291
MinimumVisualStudioVersion = 10.0.40219.1
Project("{9A19103F-16F7-4668-BE54-9A1E7A4F7556}") = "JekinsApp", "JekinsApp\JekinsApp.csproj", "{94DA66EE-CB0F-4765-AC65-CACB0466C9E0}"
EndProject
Project("{FAE04EC0-301F-11D3-BF4B-00C04F79EFBC}") = "MyMaths", "MyMaths\MyMaths.csproj", "{657CD230-8AE8-49E4-97C8-DEC9970AD2D5}"
EndProject
Global
	GlobalSection(SolutionConfigurationPlatforms) = preSolution
		Debug|Any CPU = Debug|Any CPU
		Release|Any CPU = Release|Any CPU
	EndGlobalSection
	GlobalSection(ProjectConfigurationPlatforms) = postSolution
		{94DA66EE-CB0F-4765-AC65-CACB0466C9E0}.Debug|Any CPU.ActiveCfg = Debug|Any CPU
		{94DA66EE-CB0F-4765-AC65-CACB0466C9E0}.Debug|Any CPU.Build.0 = Debug|Any CPU
		{94DA66EE-CB0F-4765-AC65-CACB0466C9E0}.Release|Any CPU.ActiveCfg = Release|Any CPU
		{94DA66EE-CB0F-4765-AC65-CACB0466C9E0}.Release|Any CPU.Build.0 = Release|Any CPU
		{657CD230-8AE8-49E4-97C8-DEC9970AD2D5}.Debug|Any CPU.ActiveCfg = Debug|Any CPU
		{657CD230-8AE8-49E4-97C8-DEC9970AD2D5}.Debug|Any CPU.Build.0 = Debug|Any CPU
		{657CD230-8AE8-49E4-97C8-DEC9970AD2D5}.Release|Any CPU.ActiveCfg = Release|Any CPU
		{657CD230-8AE8-49E4-97C8-DEC9970AD2D5}.Release|Any CPU.Build.0 = Release|Any CPU
	EndGlobalSection
	GlobalSection(SolutionProperties) = preSolution
		HideSolutionNode = FALSE
	EndGlobalSection
	GlobalSection(ExtensibilityGlobals) = postSolution
		SolutionGuid = {51F67A21-A32D-4E47-8979-49DF200F1CBC}
	EndGlobalSection
EndGlobal
